
Microsoft Visual Studio Solution File, Format Version 12.00
# Visual Studio Version 16
VisualStudioVersion = 16.0.30204.135
MinimumVisualStudioVersion = 10.0.40219.1
Project("{FAE04EC0-301F-11D3-BF4B-00C04F79EFBC}") = "FajloviDrugi", "FajloviDrugi\FajloviDrugi.csproj", "{AAD21AF1-4768-48AD-91C4-2BD61966DBA5}"
EndProject
Global
	GlobalSection(SolutionConfigurationPlatforms) = preSolution
		Debug|Any CPU = Debug|Any CPU
		Release|Any CPU = Release|Any CPU
	EndGlobalSection
	GlobalSection(ProjectConfigurationPlatforms) = postSolution
		{AAD21AF1-4768-48AD-91C4-2BD61966DBA5}.Debug|Any CPU.ActiveCfg = Debug|Any CPU
		{AAD21AF1-4768-48AD-91C4-2BD61966DBA5}.Debug|Any CPU.Build.0 = Debug|Any CPU
		{AAD21AF1-4768-48AD-91C4-2BD61966DBA5}.Release|Any CPU.ActiveCfg = Release|Any CPU
		{AAD21AF1-4768-48AD-91C4-2BD61966DBA5}.Release|Any CPU.Build.0 = Release|Any CPU
	EndGlobalSection
	GlobalSection(SolutionProperties) = preSolution
		HideSolutionNode = FALSE
	EndGlobalSection
	GlobalSection(ExtensibilityGlobals) = postSolution
		SolutionGuid = {8F3BF2D5-C759-4722-B8C4-9578BA1A88DA}
	EndGlobalSection
EndGlobal
